
Microsoft Visual Studio Solution File, Format Version 11.00
# Visual Studio 2010
Project("{FAE04EC0-301F-11D3-BF4B-00C04F79EFBC}") = "ChainingAssertion", "ChainingAssertion\ChainingAssertion.csproj", "{1B7277C5-58BB-4E42-BB8D-72DD12DCD28E}"
EndProject
Project("{FAE04EC0-301F-11D3-BF4B-00C04F79EFBC}") = "ChainingAssertion.xUnit", "ChainingAssertion.xUnit\ChainingAssertion.xUnit.csproj", "{1349E9DA-1B25-40D4-88DA-64923461765A}"
EndProject
Project("{FAE04EC0-301F-11D3-BF4B-00C04F79EFBC}") = "ChainingAssertion.NUnit", "ChainingAssertion.NUnit\ChainingAssertion.NUnit.csproj", "{A92B00E2-4940-4323-A230-93F0D19E21E1}"
EndProject
Project("{FAE04EC0-301F-11D3-BF4B-00C04F79EFBC}") = "ChainingAssertion.MbUnit", "ChainingAssertion.MbUnit\ChainingAssertion.MbUnit.csproj", "{C63A6CEB-3673-4113-96BF-0DD22A6075BA}"
EndProject
Project("{2150E333-8FDC-42A3-9474-1A3956D46DE8}") = "File", "File", "{B75A0492-D825-4AC4-9710-C455AB2B0102}"
	ProjectSection(SolutionItems) = preProject
		File\ReadMe.txt = File\ReadMe.txt
	EndProjectSection
EndProject
Project("{2150E333-8FDC-42A3-9474-1A3956D46DE8}") = "NuGet", "NuGet", "{35C4E14F-653A-4626-84B6-0487F0E55230}"
	ProjectSection(SolutionItems) = preProject
		File\NuGet\ChainingAssertion-MbUnit.nuspec = File\NuGet\ChainingAssertion-MbUnit.nuspec
		File\NuGet\ChainingAssertion-NUnit.nuspec = File\NuGet\ChainingAssertion-NUnit.nuspec
		File\NuGet\ChainingAssertion-SL.nuspec = File\NuGet\ChainingAssertion-SL.nuspec
		File\NuGet\ChainingAssertion-WP7.nuspec = File\NuGet\ChainingAssertion-WP7.nuspec
		File\NuGet\ChainingAssertion-xUnit.nuspec = File\NuGet\ChainingAssertion-xUnit.nuspec
		File\NuGet\ChainingAssertion.nuspec = File\NuGet\ChainingAssertion.nuspec
		File\NuGet\NuGet.exe = File\NuGet\NuGet.exe
		File\NuGet\package.bat = File\NuGet\package.bat
		File\NuGet\push.bat = File\NuGet\push.bat
		File\zippack.fsx = File\zippack.fsx
	EndProjectSection
EndProject
Project("{FAE04EC0-301F-11D3-BF4B-00C04F79EFBC}") = "ChainingAssertion.SL", "ChainingAssertion.SL\ChainingAssertion.SL.csproj", "{1041A21C-E310-4391-9459-C5998CBB6BAB}"
EndProject
Project("{FAE04EC0-301F-11D3-BF4B-00C04F79EFBC}") = "ChainingAssertion.WP7", "ChainingAssertion.WP7\ChainingAssertion.WP7.csproj", "{E73F54B1-780B-4D4A-A313-D09B011EE189}"
EndProject
Global
	GlobalSection(SolutionConfigurationPlatforms) = preSolution
		Debug|Any CPU = Debug|Any CPU
		Release|Any CPU = Release|Any CPU
	EndGlobalSection
	GlobalSection(ProjectConfigurationPlatforms) = postSolution
		{1B7277C5-58BB-4E42-BB8D-72DD12DCD28E}.Debug|Any CPU.ActiveCfg = Debug|Any CPU
		{1B7277C5-58BB-4E42-BB8D-72DD12DCD28E}.Debug|Any CPU.Build.0 = Debug|Any CPU
		{1B7277C5-58BB-4E42-BB8D-72DD12DCD28E}.Release|Any CPU.ActiveCfg = Release|Any CPU
		{1B7277C5-58BB-4E42-BB8D-72DD12DCD28E}.Release|Any CPU.Build.0 = Release|Any CPU
		{1349E9DA-1B25-40D4-88DA-64923461765A}.Debug|Any CPU.ActiveCfg = Debug|Any CPU
		{1349E9DA-1B25-40D4-88DA-64923461765A}.Debug|Any CPU.Build.0 = Debug|Any CPU
		{1349E9DA-1B25-40D4-88DA-64923461765A}.Release|Any CPU.ActiveCfg = Release|Any CPU
		{1349E9DA-1B25-40D4-88DA-64923461765A}.Release|Any CPU.Build.0 = Release|Any CPU
		{A92B00E2-4940-4323-A230-93F0D19E21E1}.Debug|Any CPU.ActiveCfg = Debug|Any CPU
		{A92B00E2-4940-4323-A230-93F0D19E21E1}.Debug|Any CPU.Build.0 = Debug|Any CPU
		{A92B00E2-4940-4323-A230-93F0D19E21E1}.Release|Any CPU.ActiveCfg = Release|Any CPU
		{A92B00E2-4940-4323-A230-93F0D19E21E1}.Release|Any CPU.Build.0 = Release|Any CPU
		{C63A6CEB-3673-4113-96BF-0DD22A6075BA}.Debug|Any CPU.ActiveCfg = Debug|Any CPU
		{C63A6CEB-3673-4113-96BF-0DD22A6075BA}.Debug|Any CPU.Build.0 = Debug|Any CPU
		{C63A6CEB-3673-4113-96BF-0DD22A6075BA}.Release|Any CPU.ActiveCfg = Release|Any CPU
		{C63A6CEB-3673-4113-96BF-0DD22A6075BA}.Release|Any CPU.Build.0 = Release|Any CPU
		{1041A21C-E310-4391-9459-C5998CBB6BAB}.Debug|Any CPU.ActiveCfg = Debug|Any CPU
		{1041A21C-E310-4391-9459-C5998CBB6BAB}.Debug|Any CPU.Build.0 = Debug|Any CPU
		{1041A21C-E310-4391-9459-C5998CBB6BAB}.Release|Any CPU.ActiveCfg = Release|Any CPU
		{1041A21C-E310-4391-9459-C5998CBB6BAB}.Release|Any CPU.Build.0 = Release|Any CPU
		{E73F54B1-780B-4D4A-A313-D09B011EE189}.Debug|Any CPU.ActiveCfg = Debug|Any CPU
		{E73F54B1-780B-4D4A-A313-D09B011EE189}.Debug|Any CPU.Build.0 = Debug|Any CPU
		{E73F54B1-780B-4D4A-A313-D09B011EE189}.Debug|Any CPU.Deploy.0 = Debug|Any CPU
		{E73F54B1-780B-4D4A-A313-D09B011EE189}.Release|Any CPU.ActiveCfg = Release|Any CPU
		{E73F54B1-780B-4D4A-A313-D09B011EE189}.Release|Any CPU.Build.0 = Release|Any CPU
		{E73F54B1-780B-4D4A-A313-D09B011EE189}.Release|Any CPU.Deploy.0 = Release|Any CPU
	EndGlobalSection
	GlobalSection(SolutionProperties) = preSolution
		HideSolutionNode = FALSE
	EndGlobalSection
	GlobalSection(NestedProjects) = preSolution
		{35C4E14F-653A-4626-84B6-0487F0E55230} = {B75A0492-D825-4AC4-9710-C455AB2B0102}
	EndGlobalSection
EndGlobal
