
Microsoft Visual Studio Solution File, Format Version 12.00
# Visual Studio 14
VisualStudioVersion = 14.0.25420.1
MinimumVisualStudioVersion = 10.0.40219.1
Project("{FAE04EC0-301F-11D3-BF4B-00C04F79EFBC}") = "ChainingAssertion", "ChainingAssertion\ChainingAssertion.csproj", "{1B7277C5-58BB-4E42-BB8D-72DD12DCD28E}"
EndProject
Project("{FAE04EC0-301F-11D3-BF4B-00C04F79EFBC}") = "ChainingAssertion.xUnit", "ChainingAssertion.xUnit\ChainingAssertion.xUnit.csproj", "{1349E9DA-1B25-40D4-88DA-64923461765A}"
EndProject
Project("{FAE04EC0-301F-11D3-BF4B-00C04F79EFBC}") = "ChainingAssertion.NUnit", "ChainingAssertion.NUnit\ChainingAssertion.NUnit.csproj", "{A92B00E2-4940-4323-A230-93F0D19E21E1}"
EndProject
Project("{2150E333-8FDC-42A3-9474-1A3956D46DE8}") = "File", "File", "{B75A0492-D825-4AC4-9710-C455AB2B0102}"
	ProjectSection(SolutionItems) = preProject
		File\ReadMe.txt = File\ReadMe.txt
	EndProjectSection
EndProject
Project("{2150E333-8FDC-42A3-9474-1A3956D46DE8}") = "NuGet", "NuGet", "{35C4E14F-653A-4626-84B6-0487F0E55230}"
	ProjectSection(SolutionItems) = preProject
		File\NuGet\ChainingAssertion-NUnit.nuspec = File\NuGet\ChainingAssertion-NUnit.nuspec
		File\NuGet\ChainingAssertion-xUnit.nuspec = File\NuGet\ChainingAssertion-xUnit.nuspec
		File\NuGet\ChainingAssertion.nuspec = File\NuGet\ChainingAssertion.nuspec
		File\NuGet\NuGet.exe = File\NuGet\NuGet.exe
		File\NuGet\pack.bat = File\NuGet\pack.bat
		File\NuGet\push.bat = File\NuGet\push.bat
		File\zippack.fsx = File\zippack.fsx
	EndProjectSection
EndProject
Project("{8BB2217D-0F2D-49D1-97BC-3654ED321F3B}") = "ChainingAssertion.xUnit.NETCore", "ChainingAssertion.xUnit.NETCore\ChainingAssertion.xUnit.NETCore.xproj", "{E9D0D4CF-CD3B-4F8A-A5DE-A1A83C6C6168}"
EndProject
Global
	GlobalSection(SolutionConfigurationPlatforms) = preSolution
		Debug|Any CPU = Debug|Any CPU
		Release|Any CPU = Release|Any CPU
	EndGlobalSection
	GlobalSection(ProjectConfigurationPlatforms) = postSolution
		{1B7277C5-58BB-4E42-BB8D-72DD12DCD28E}.Debug|Any CPU.ActiveCfg = Debug|Any CPU
		{1B7277C5-58BB-4E42-BB8D-72DD12DCD28E}.Debug|Any CPU.Build.0 = Debug|Any CPU
		{1B7277C5-58BB-4E42-BB8D-72DD12DCD28E}.Release|Any CPU.ActiveCfg = Release|Any CPU
		{1B7277C5-58BB-4E42-BB8D-72DD12DCD28E}.Release|Any CPU.Build.0 = Release|Any CPU
		{1349E9DA-1B25-40D4-88DA-64923461765A}.Debug|Any CPU.ActiveCfg = Debug|Any CPU
		{1349E9DA-1B25-40D4-88DA-64923461765A}.Debug|Any CPU.Build.0 = Debug|Any CPU
		{1349E9DA-1B25-40D4-88DA-64923461765A}.Release|Any CPU.ActiveCfg = Release|Any CPU
		{1349E9DA-1B25-40D4-88DA-64923461765A}.Release|Any CPU.Build.0 = Release|Any CPU
		{A92B00E2-4940-4323-A230-93F0D19E21E1}.Debug|Any CPU.ActiveCfg = Debug|Any CPU
		{A92B00E2-4940-4323-A230-93F0D19E21E1}.Debug|Any CPU.Build.0 = Debug|Any CPU
		{A92B00E2-4940-4323-A230-93F0D19E21E1}.Release|Any CPU.ActiveCfg = Release|Any CPU
		{A92B00E2-4940-4323-A230-93F0D19E21E1}.Release|Any CPU.Build.0 = Release|Any CPU
		{E9D0D4CF-CD3B-4F8A-A5DE-A1A83C6C6168}.Debug|Any CPU.ActiveCfg = Debug|Any CPU
		{E9D0D4CF-CD3B-4F8A-A5DE-A1A83C6C6168}.Debug|Any CPU.Build.0 = Debug|Any CPU
		{E9D0D4CF-CD3B-4F8A-A5DE-A1A83C6C6168}.Release|Any CPU.ActiveCfg = Release|Any CPU
		{E9D0D4CF-CD3B-4F8A-A5DE-A1A83C6C6168}.Release|Any CPU.Build.0 = Release|Any CPU
	EndGlobalSection
	GlobalSection(SolutionProperties) = preSolution
		HideSolutionNode = FALSE
	EndGlobalSection
	GlobalSection(NestedProjects) = preSolution
		{35C4E14F-653A-4626-84B6-0487F0E55230} = {B75A0492-D825-4AC4-9710-C455AB2B0102}
	EndGlobalSection
EndGlobal
